
Microsoft Visual Studio Solution File, Format Version 12.00
# Visual Studio 15
VisualStudioVersion = 15.0.27703.2000
MinimumVisualStudioVersion = 10.0.40219.1
Project("{FAE04EC0-301F-11D3-BF4B-00C04F79EFBC}") = "CustomerMedia", "CustomerMedia\CustomerMedia.csproj", "{96B1A478-CBDE-4C21-92B6-EB3759AB128C}"
EndProject
Global
	GlobalSection(SolutionConfigurationPlatforms) = preSolution
		Debug|Any CPU = Debug|Any CPU
		Release|Any CPU = Release|Any CPU
	EndGlobalSection
	GlobalSection(ProjectConfigurationPlatforms) = postSolution
		{96B1A478-CBDE-4C21-92B6-EB3759AB128C}.Debug|Any CPU.ActiveCfg = Debug|Any CPU
		{96B1A478-CBDE-4C21-92B6-EB3759AB128C}.Debug|Any CPU.Build.0 = Debug|Any CPU
		{96B1A478-CBDE-4C21-92B6-EB3759AB128C}.Release|Any CPU.ActiveCfg = Release|Any CPU
		{96B1A478-CBDE-4C21-92B6-EB3759AB128C}.Release|Any CPU.Build.0 = Release|Any CPU
	EndGlobalSection
	GlobalSection(SolutionProperties) = preSolution
		HideSolutionNode = FALSE
	EndGlobalSection
	GlobalSection(ExtensibilityGlobals) = postSolution
		SolutionGuid = {477B60A8-04F4-4268-9CE3-10D84CD6B0A6}
	EndGlobalSection
EndGlobal
