
Microsoft Visual Studio Solution File, Format Version 12.00
# Visual Studio 15
VisualStudioVersion = 15.0.27703.2026
MinimumVisualStudioVersion = 10.0.40219.1
Project("{FAE04EC0-301F-11D3-BF4B-00C04F79EFBC}") = "VidPlace", "VidPlace\VidPlace.csproj", "{1C976092-BC0E-4F7C-92F2-72BB18A7FA37}"
EndProject
Global
	GlobalSection(SolutionConfigurationPlatforms) = preSolution
		Debug|Any CPU = Debug|Any CPU
		Release|Any CPU = Release|Any CPU
	EndGlobalSection
	GlobalSection(ProjectConfigurationPlatforms) = postSolution
		{1C976092-BC0E-4F7C-92F2-72BB18A7FA37}.Debug|Any CPU.ActiveCfg = Debug|Any CPU
		{1C976092-BC0E-4F7C-92F2-72BB18A7FA37}.Debug|Any CPU.Build.0 = Debug|Any CPU
		{1C976092-BC0E-4F7C-92F2-72BB18A7FA37}.Release|Any CPU.ActiveCfg = Release|Any CPU
		{1C976092-BC0E-4F7C-92F2-72BB18A7FA37}.Release|Any CPU.Build.0 = Release|Any CPU
	EndGlobalSection
	GlobalSection(SolutionProperties) = preSolution
		HideSolutionNode = FALSE
	EndGlobalSection
	GlobalSection(ExtensibilityGlobals) = postSolution
		SolutionGuid = {EC0B03FB-29D6-43E6-9EED-C5DAE79BAEFE}
	EndGlobalSection
EndGlobal
