
Microsoft Visual Studio Solution File, Format Version 12.00
# Visual Studio 15
VisualStudioVersion = 15.0.27703.2000
MinimumVisualStudioVersion = 10.0.40219.1
Project("{FAE04EC0-301F-11D3-BF4B-00C04F79EFBC}") = "Phono", "Phono\Phono.csproj", "{B98746EC-501F-49FE-9D95-EA8127FD5F7C}"
EndProject
Global
	GlobalSection(SolutionConfigurationPlatforms) = preSolution
		Debug|Any CPU = Debug|Any CPU
		Release|Any CPU = Release|Any CPU
	EndGlobalSection
	GlobalSection(ProjectConfigurationPlatforms) = postSolution
		{B98746EC-501F-49FE-9D95-EA8127FD5F7C}.Debug|Any CPU.ActiveCfg = Debug|Any CPU
		{B98746EC-501F-49FE-9D95-EA8127FD5F7C}.Debug|Any CPU.Build.0 = Debug|Any CPU
		{B98746EC-501F-49FE-9D95-EA8127FD5F7C}.Release|Any CPU.ActiveCfg = Release|Any CPU
		{B98746EC-501F-49FE-9D95-EA8127FD5F7C}.Release|Any CPU.Build.0 = Release|Any CPU
	EndGlobalSection
	GlobalSection(SolutionProperties) = preSolution
		HideSolutionNode = FALSE
	EndGlobalSection
	GlobalSection(ExtensibilityGlobals) = postSolution
		SolutionGuid = {DB9BEAB2-B719-4F55-B6A9-4AB1DD0A4936}
	EndGlobalSection
EndGlobal
